
Microsoft Visual Studio Solution File, Format Version 12.00
# Visual Studio 15
VisualStudioVersion = 15.0.28010.2046
MinimumVisualStudioVersion = 10.0.40219.1
Project("{8BC9CEB8-8B4A-11D0-8D11-00A0C91BC942}") = "gwingui_v2", "gwingui_v2\gwingui_v2.vcxproj", "{042FB1BB-4D99-410B-9886-CD7A55CDE1FD}"
EndProject
Project("{8BC9CEB8-8B4A-11D0-8D11-00A0C91BC942}") = "gwingui_v2_test", "gwingui_v2_test\gwingui_v2_test.vcxproj", "{A5FE8722-B87E-4767-A62D-BC2416A1A009}"
	ProjectSection(ProjectDependencies) = postProject
		{042FB1BB-4D99-410B-9886-CD7A55CDE1FD} = {042FB1BB-4D99-410B-9886-CD7A55CDE1FD}
	EndProjectSection
EndProject
Global
	GlobalSection(SolutionConfigurationPlatforms) = preSolution
		Debug|x64 = Debug|x64
		Debug|x86 = Debug|x86
		Release|x64 = Release|x64
		Release|x86 = Release|x86
	EndGlobalSection
	GlobalSection(ProjectConfigurationPlatforms) = postSolution
		{042FB1BB-4D99-410B-9886-CD7A55CDE1FD}.Debug|x64.ActiveCfg = Debug|x64
		{042FB1BB-4D99-410B-9886-CD7A55CDE1FD}.Debug|x64.Build.0 = Debug|x64
		{042FB1BB-4D99-410B-9886-CD7A55CDE1FD}.Debug|x86.ActiveCfg = Debug|Win32
		{042FB1BB-4D99-410B-9886-CD7A55CDE1FD}.Debug|x86.Build.0 = Debug|Win32
		{042FB1BB-4D99-410B-9886-CD7A55CDE1FD}.Release|x64.ActiveCfg = Release|x64
		{042FB1BB-4D99-410B-9886-CD7A55CDE1FD}.Release|x64.Build.0 = Release|x64
		{042FB1BB-4D99-410B-9886-CD7A55CDE1FD}.Release|x86.ActiveCfg = Release|Win32
		{042FB1BB-4D99-410B-9886-CD7A55CDE1FD}.Release|x86.Build.0 = Release|Win32
		{A5FE8722-B87E-4767-A62D-BC2416A1A009}.Debug|x64.ActiveCfg = Debug|x64
		{A5FE8722-B87E-4767-A62D-BC2416A1A009}.Debug|x64.Build.0 = Debug|x64
		{A5FE8722-B87E-4767-A62D-BC2416A1A009}.Debug|x86.ActiveCfg = Debug|Win32
		{A5FE8722-B87E-4767-A62D-BC2416A1A009}.Debug|x86.Build.0 = Debug|Win32
		{A5FE8722-B87E-4767-A62D-BC2416A1A009}.Release|x64.ActiveCfg = Release|x64
		{A5FE8722-B87E-4767-A62D-BC2416A1A009}.Release|x64.Build.0 = Release|x64
		{A5FE8722-B87E-4767-A62D-BC2416A1A009}.Release|x86.ActiveCfg = Release|Win32
		{A5FE8722-B87E-4767-A62D-BC2416A1A009}.Release|x86.Build.0 = Release|Win32
	EndGlobalSection
	GlobalSection(SolutionProperties) = preSolution
		HideSolutionNode = FALSE
	EndGlobalSection
	GlobalSection(ExtensibilityGlobals) = postSolution
		SolutionGuid = {56340059-24A0-4213-8D01-923A2A462B18}
	EndGlobalSection
EndGlobal
